<?xml version="1.0" encoding="utf-8"?>
<Project ToolsVersion="4.0" xmlns="http://schemas.microsoft.com/developer/msbuild/2003">
  <ItemGroup>
    <Filter Include="00.System">
      <UniqueIdentifier>{60262ca3-c626-4493-8833-d6e061a58538}</UniqueIdentifier>
    </Filter>
    <Filter Include="00.System\Graphic">
      <UniqueIdentifier>{f3858e72-5d56-4669-9f2b-559b502978d8}</UniqueIdentifier>
    </Filter>
    <Filter Include="99.Defines">
      <UniqueIdentifier>{655daa61-7031-45e8-9a3c-c3b52a9379f4}</UniqueIdentifier>
    </Filter>
    <Filter Include="01.Utility">
      <UniqueIdentifier>{71889d6e-fa9d-4e7a-80ce-e7f818ae4aa1}</UniqueIdentifier>
    </Filter>
    <Filter Include="01.Utility\00.GameInstance">
      <UniqueIdentifier>{210e3a42-2b2d-4783-b3f9-d7193bd8e6b9}</UniqueIdentifier>
    </Filter>
    <Filter Include="01.Utility\01.EasingMgr">
      <UniqueIdentifier>{6fb8e174-9730-4bea-905a-56e006f43b59}</UniqueIdentifier>
    </Filter>
    <Filter Include="01.Utility\02.InputMgr">
      <UniqueIdentifier>{9a12242e-f1be-40e4-aa17-0af69ff890ad}</UniqueIdentifier>
    </Filter>
    <Filter Include="01.Utility\03.TimerMgr">
      <UniqueIdentifier>{76d63527-4bf7-48ee-beda-ffe976caf65f}</UniqueIdentifier>
    </Filter>
    <Filter Include="01.Utility\04.LevelMgr">
      <UniqueIdentifier>{a9213012-b530-4c9a-b785-d643eeaca3de}</UniqueIdentifier>
    </Filter>
    <Filter Include="01.Utility\06.ComponentMgr">
      <UniqueIdentifier>{31771e9d-ca24-4fcb-94e5-cc1135ff3350}</UniqueIdentifier>
    </Filter>
    <Filter Include="01.Utility\05.GameObjectMgr">
      <UniqueIdentifier>{a9428caa-7247-4bb1-a61c-b305774961bb}</UniqueIdentifier>
    </Filter>
    <Filter Include="01.Utility\03.TimerMgr\Mgr">
      <UniqueIdentifier>{4db6cc64-fe41-4559-9c47-d289e67b3b85}</UniqueIdentifier>
    </Filter>
    <Filter Include="01.Utility\04.LevelMgr\Mgr">
      <UniqueIdentifier>{10cf7b00-0911-45b9-8037-f5eb2cbb8a04}</UniqueIdentifier>
    </Filter>
    <Filter Include="01.Utility\06.ComponentMgr\02.VIBuffers">
      <UniqueIdentifier>{c4eafae3-d44d-4d6b-a628-1372416d91e9}</UniqueIdentifier>
    </Filter>
    <Filter Include="01.Utility\06.ComponentMgr\01.Renderer">
      <UniqueIdentifier>{c70c9e27-cf0f-43a5-8221-ffc7be21ecae}</UniqueIdentifier>
    </Filter>
    <Filter Include="01.Utility\06.ComponentMgr\00.Mgr">
      <UniqueIdentifier>{9f93e9a2-9d8e-47b6-9761-084fcba5ad98}</UniqueIdentifier>
    </Filter>
    <Filter Include="01.Utility\06.ComponentMgr\02.VIBuffers\Rect">
      <UniqueIdentifier>{fd4af3e2-e635-403c-8d0b-e0bf2f6a4a61}</UniqueIdentifier>
    </Filter>
    <Filter Include="02.ThirdParty">
      <UniqueIdentifier>{dcfb316d-1afc-40af-9481-fe24060f4d35}</UniqueIdentifier>
    </Filter>
    <Filter Include="02.ThirdParty\FX11">
      <UniqueIdentifier>{c97fa1e5-2aec-413b-9669-b318da90ccc9}</UniqueIdentifier>
    </Filter>
    <Filter Include="01.Utility\06.ComponentMgr\03.Shader">
      <UniqueIdentifier>{87372f41-f3e4-41a8-b88d-571bce57fd1f}</UniqueIdentifier>
    </Filter>
    <Filter Include="01.Utility\06.ComponentMgr\04.Texture">
      <UniqueIdentifier>{a4535905-e444-4861-a59b-25d2f078f54c}</UniqueIdentifier>
    </Filter>
    <Filter Include="01.Utility\06.ComponentMgr\02.VIBuffers\Cube">
      <UniqueIdentifier>{665b2c5d-6ea8-43ad-84ff-a14bb11971b8}</UniqueIdentifier>
    </Filter>
    <Filter Include="01.Utility\06.ComponentMgr\05.Transform">
      <UniqueIdentifier>{26697cf6-ef53-424b-8cb3-89299c897472}</UniqueIdentifier>
    </Filter>
    <Filter Include="02.ThirdParty\DTK">
      <UniqueIdentifier>{5f5b230c-5273-4ec0-bdda-93a1aad17090}</UniqueIdentifier>
    </Filter>
    <Filter Include="01.Utility\07.PipeLine">
      <UniqueIdentifier>{9d5fe0ec-6a28-4bfc-b08c-8f77eac62bd9}</UniqueIdentifier>
    </Filter>
    <Filter Include="01.Utility\05.GameObjectMgr\0.Mgr">
      <UniqueIdentifier>{336d2526-b277-4e51-a3b0-f05a424be95e}</UniqueIdentifier>
    </Filter>
    <Filter Include="01.Utility\05.GameObjectMgr\0.Mgr\Layer">
      <UniqueIdentifier>{0d4582c5-6ddd-43cd-8efb-652f497e4165}</UniqueIdentifier>
    </Filter>
    <Filter Include="01.Utility\05.GameObjectMgr\1.Camera">
      <UniqueIdentifier>{2dbe6707-26e1-49af-b567-df85750046bd}</UniqueIdentifier>
    </Filter>
    <Filter Include="01.Utility\06.ComponentMgr\02.VIBuffers\Terrain">
      <UniqueIdentifier>{a6b11ac3-0c5b-46cb-9ff0-bcb58ba95029}</UniqueIdentifier>
    </Filter>
    <Filter Include="01.Utility\08.Light">
      <UniqueIdentifier>{89f76ca7-4969-46db-bb7a-17ad0b1b5c4c}</UniqueIdentifier>
    </Filter>
    <Filter Include="01.Utility\08.Light\Mgr">
      <UniqueIdentifier>{7cb979f7-4b98-43da-8582-bbb89358ad76}</UniqueIdentifier>
    </Filter>
    <Filter Include="01.Utility\06.ComponentMgr\02.VIBuffers\01.Model">
      <UniqueIdentifier>{eea3dc44-9d8b-475e-8312-365988f3b9b6}</UniqueIdentifier>
    </Filter>
    <Filter Include="01.Utility\06.ComponentMgr\02.VIBuffers\01.Model\01.MeshContainer">
      <UniqueIdentifier>{37c56d41-e9fc-43c6-9ef6-f719d9c2f8a2}</UniqueIdentifier>
    </Filter>
    <Filter Include="01.Utility\09.FileInfo">
      <UniqueIdentifier>{4728858e-21a8-4477-b651-e17a5695617f}</UniqueIdentifier>
    </Filter>
    <Filter Include="01.Utility\06.ComponentMgr\02.VIBuffers\01.Model\03.HierarchyNode">
      <UniqueIdentifier>{de9996fd-f0b7-4893-afeb-620c14f4956c}</UniqueIdentifier>
    </Filter>
    <Filter Include="01.Utility\06.ComponentMgr\02.VIBuffers\01.Model\02.Animation">
      <UniqueIdentifier>{35bfa7f0-1ff9-40a7-b47c-899c5d08b7aa}</UniqueIdentifier>
    </Filter>
    <Filter Include="01.Utility\06.ComponentMgr\02.VIBuffers\01.Model\02.Animation\Channel">
      <UniqueIdentifier>{50620e33-99be-4faf-8282-0dfd63f7af76}</UniqueIdentifier>
    </Filter>
    <Filter Include="01.Utility\10.Picking">
      <UniqueIdentifier>{55213806-70a7-4e30-b2c8-91f83eb04ab6}</UniqueIdentifier>
    </Filter>
    <Filter Include="01.Utility\06.ComponentMgr\06.Collider">
      <UniqueIdentifier>{83ea0d43-202e-4154-9492-60a1a5c618ac}</UniqueIdentifier>
    </Filter>
    <Filter Include="01.Utility\06.ComponentMgr\06.Collider\DebugDraw">
      <UniqueIdentifier>{f7f8f27c-9f8b-4d9e-ba8a-f5376a832447}</UniqueIdentifier>
    </Filter>
    <Filter Include="01.Utility\06.ComponentMgr\07.Navigation">
      <UniqueIdentifier>{ab5de5df-388f-4211-baa3-080bdc5938f0}</UniqueIdentifier>
    </Filter>
    <Filter Include="01.Utility\06.ComponentMgr\07.Navigation\Cell">
      <UniqueIdentifier>{47411ff3-7bd1-4d08-9ffe-6109bd721387}</UniqueIdentifier>
    </Filter>
    <Filter Include="01.Utility\06.ComponentMgr\02.VIBuffers\Triangle">
      <UniqueIdentifier>{b7e44e0d-9068-4415-ad92-d9b01dff8ff4}</UniqueIdentifier>
    </Filter>
    <Filter Include="01.Utility\06.ComponentMgr\02.VIBuffers\Rect_Instance">
      <UniqueIdentifier>{d7e2005f-e146-4e85-9951-c5d3f38e8280}</UniqueIdentifier>
    </Filter>
    <Filter Include="01.Utility\06.ComponentMgr\02.VIBuffers\02.MyModel">
      <UniqueIdentifier>{fb078891-66a1-467e-adcb-e7bad43f81e3}</UniqueIdentifier>
    </Filter>
    <Filter Include="01.Utility\06.ComponentMgr\02.VIBuffers\02.MyModel\01.MeshContainer">
      <UniqueIdentifier>{d8dc1e5b-2f78-4026-bcb5-aeda9a6d5cb6}</UniqueIdentifier>
    </Filter>
    <Filter Include="01.Utility\06.ComponentMgr\02.VIBuffers\02.MyModel\02.Animation">
      <UniqueIdentifier>{6aa44d7e-e92d-472f-88d3-51e36efa2ed7}</UniqueIdentifier>
    </Filter>
    <Filter Include="01.Utility\06.ComponentMgr\02.VIBuffers\02.MyModel\03.HierarchyNode">
      <UniqueIdentifier>{9f1d013f-e131-4f4b-a0f6-ae471e7cc8dd}</UniqueIdentifier>
    </Filter>
  </ItemGroup>
  <ItemGroup>
    <ClCompile Include="..\Private\Graphic_Device.cpp">
      <Filter>00.System\Graphic</Filter>
    </ClCompile>
    <ClCompile Include="..\Private\Input_Device.cpp">
      <Filter>01.Utility\02.InputMgr</Filter>
    </ClCompile>
    <ClCompile Include="..\Private\Base.cpp">
      <Filter>01.Utility</Filter>
    </ClCompile>
    <ClCompile Include="..\private\GameInstance.cpp">
      <Filter>01.Utility\00.GameInstance</Filter>
    </ClCompile>
    <ClCompile Include="..\Private\Timer_Manager.cpp">
      <Filter>01.Utility\03.TimerMgr\Mgr</Filter>
    </ClCompile>
    <ClCompile Include="..\Private\Timer.cpp">
      <Filter>01.Utility\03.TimerMgr</Filter>
    </ClCompile>
    <ClCompile Include="..\Private\Level.cpp">
      <Filter>01.Utility\04.LevelMgr</Filter>
    </ClCompile>
    <ClCompile Include="..\Private\Level_Manager.cpp">
      <Filter>01.Utility\04.LevelMgr\Mgr</Filter>
    </ClCompile>
    <ClCompile Include="..\Private\Component.cpp">
      <Filter>01.Utility\06.ComponentMgr</Filter>
    </ClCompile>
    <ClCompile Include="..\Private\Component_Manager.cpp">
      <Filter>01.Utility\06.ComponentMgr\00.Mgr</Filter>
    </ClCompile>
    <ClCompile Include="..\Private\Renderer.cpp">
      <Filter>01.Utility\06.ComponentMgr\01.Renderer</Filter>
    </ClCompile>
    <ClCompile Include="..\Private\GameObject.cpp">
      <Filter>01.Utility\05.GameObjectMgr</Filter>
    </ClCompile>
    <ClCompile Include="..\Private\Object_Manager.cpp">
      <Filter>01.Utility\05.GameObjectMgr\0.Mgr</Filter>
    </ClCompile>
    <ClCompile Include="..\Private\Layer.cpp">
      <Filter>01.Utility\05.GameObjectMgr\0.Mgr\Layer</Filter>
    </ClCompile>
    <ClCompile Include="..\Private\VIBuffer.cpp">
      <Filter>01.Utility\06.ComponentMgr\02.VIBuffers</Filter>
    </ClCompile>
    <ClCompile Include="..\Private\VIBuffer_Rect.cpp">
      <Filter>01.Utility\06.ComponentMgr\02.VIBuffers\Rect</Filter>
    </ClCompile>
    <ClCompile Include="..\Private\Shader.cpp">
      <Filter>01.Utility\06.ComponentMgr\03.Shader</Filter>
    </ClCompile>
    <ClCompile Include="..\Private\Engine_Struct.cpp">
      <Filter>99.Defines</Filter>
    </ClCompile>
    <ClCompile Include="..\Private\VIBuffer_Cube.cpp">
      <Filter>01.Utility\06.ComponentMgr\02.VIBuffers\Cube</Filter>
    </ClCompile>
    <ClCompile Include="..\Private\Transform.cpp">
      <Filter>01.Utility\06.ComponentMgr\05.Transform</Filter>
    </ClCompile>
    <ClCompile Include="..\Private\Texture.cpp">
      <Filter>01.Utility\06.ComponentMgr\04.Texture</Filter>
    </ClCompile>
    <ClCompile Include="..\Private\PipeLine.cpp">
      <Filter>01.Utility\07.PipeLine</Filter>
    </ClCompile>
    <ClCompile Include="..\Private\Camera.cpp">
      <Filter>01.Utility\05.GameObjectMgr\1.Camera</Filter>
    </ClCompile>
    <ClCompile Include="..\Private\VIBuffer_Terrain.cpp">
      <Filter>01.Utility\06.ComponentMgr\02.VIBuffers\Terrain</Filter>
    </ClCompile>
    <ClCompile Include="..\Private\Light.cpp">
      <Filter>01.Utility\08.Light</Filter>
    </ClCompile>
    <ClCompile Include="..\Private\LightMgr.cpp">
      <Filter>01.Utility\08.Light\Mgr</Filter>
    </ClCompile>
    <ClCompile Include="..\Private\FileInfo.cpp">
      <Filter>01.Utility\09.FileInfo</Filter>
    </ClCompile>
    <ClCompile Include="..\Private\Texture_map.cpp">
      <Filter>01.Utility\06.ComponentMgr\04.Texture</Filter>
    </ClCompile>
    <ClCompile Include="..\Private\Engine_Function.cpp">
      <Filter>99.Defines</Filter>
    </ClCompile>
    <ClCompile Include="..\Private\Channel.cpp">
      <Filter>01.Utility\06.ComponentMgr\02.VIBuffers\01.Model\02.Animation\Channel</Filter>
    </ClCompile>
    <ClCompile Include="..\Private\HierarchyNode.cpp">
      <Filter>01.Utility\06.ComponentMgr\02.VIBuffers\01.Model\03.HierarchyNode</Filter>
    </ClCompile>
    <ClCompile Include="..\Private\MeshContainer.cpp">
      <Filter>01.Utility\06.ComponentMgr\02.VIBuffers\01.Model\01.MeshContainer</Filter>
    </ClCompile>
    <ClCompile Include="..\Private\Animation.cpp">
      <Filter>01.Utility\06.ComponentMgr\02.VIBuffers\01.Model\02.Animation</Filter>
    </ClCompile>
    <ClCompile Include="..\Private\Model.cpp">
      <Filter>01.Utility\06.ComponentMgr\02.VIBuffers\01.Model</Filter>
    </ClCompile>
    <ClCompile Include="..\Private\Picking.cpp">
      <Filter>01.Utility\10.Picking</Filter>
    </ClCompile>
    <ClCompile Include="..\Private\Collider.cpp">
      <Filter>01.Utility\06.ComponentMgr\06.Collider</Filter>
    </ClCompile>
    <ClCompile Include="..\Private\DebugDraw.cpp">
      <Filter>01.Utility\06.ComponentMgr\06.Collider\DebugDraw</Filter>
    </ClCompile>
    <ClCompile Include="..\Private\Navigation.cpp">
      <Filter>01.Utility\06.ComponentMgr\07.Navigation</Filter>
    </ClCompile>
    <ClCompile Include="..\Private\Cell.cpp">
      <Filter>01.Utility\06.ComponentMgr\07.Navigation\Cell</Filter>
    </ClCompile>
    <ClCompile Include="..\Private\VIBuffer_Rect_Instance.cpp">
      <Filter>01.Utility\06.ComponentMgr\02.VIBuffers\Rect_Instance</Filter>
    </ClCompile>
    <ClCompile Include="..\Private\MyModel\MyModel.cpp">
      <Filter>01.Utility\06.ComponentMgr\02.VIBuffers\02.MyModel</Filter>
    </ClCompile>
    <ClCompile Include="..\Private\MyModel\MyHierarchyNode.cpp">
      <Filter>01.Utility\06.ComponentMgr\02.VIBuffers\02.MyModel\03.HierarchyNode</Filter>
    </ClCompile>
    <ClCompile Include="..\Private\MyModel\MyAnimation.cpp">
      <Filter>01.Utility\06.ComponentMgr\02.VIBuffers\02.MyModel\02.Animation</Filter>
    </ClCompile>
    <ClCompile Include="..\Private\MyModel\MyMeshContainer.cpp">
      <Filter>01.Utility\06.ComponentMgr\02.VIBuffers\02.MyModel\01.MeshContainer</Filter>
    </ClCompile>
  </ItemGroup>
  <ItemGroup>
    <ClInclude Include="..\Public\Graphic_Device.h">
      <Filter>00.System\Graphic</Filter>
    </ClInclude>
    <ClInclude Include="..\Public\Engine_Defines.h">
      <Filter>99.Defines</Filter>
    </ClInclude>
    <ClInclude Include="..\Public\Input_Device.h">
      <Filter>01.Utility\02.InputMgr</Filter>
    </ClInclude>
    <ClInclude Include="..\Public\Engine_Function.h">
      <Filter>99.Defines</Filter>
    </ClInclude>
    <ClInclude Include="..\Public\Engine_Macro.h">
      <Filter>99.Defines</Filter>
    </ClInclude>
    <ClInclude Include="..\Public\Engine_Struct.h">
      <Filter>99.Defines</Filter>
    </ClInclude>
    <ClInclude Include="..\Public\Engine_Typedef.h">
      <Filter>99.Defines</Filter>
    </ClInclude>
    <ClInclude Include="..\Public\Base.h">
      <Filter>01.Utility</Filter>
    </ClInclude>
    <ClInclude Include="..\public\GameInstance.h">
      <Filter>01.Utility\00.GameInstance</Filter>
    </ClInclude>
    <ClInclude Include="..\Public\Engine_Easing.h">
      <Filter>99.Defines</Filter>
    </ClInclude>
    <ClInclude Include="..\Public\Timer_Manager.h">
      <Filter>01.Utility\03.TimerMgr\Mgr</Filter>
    </ClInclude>
    <ClInclude Include="..\Public\Timer.h">
      <Filter>01.Utility\03.TimerMgr</Filter>
    </ClInclude>
    <ClInclude Include="..\Public\Level.h">
      <Filter>01.Utility\04.LevelMgr</Filter>
    </ClInclude>
    <ClInclude Include="..\Public\Level_Manager.h">
      <Filter>01.Utility\04.LevelMgr\Mgr</Filter>
    </ClInclude>
    <ClInclude Include="..\Public\Component.h">
      <Filter>01.Utility\06.ComponentMgr</Filter>
    </ClInclude>
    <ClInclude Include="..\Public\Component_Manager.h">
      <Filter>01.Utility\06.ComponentMgr\00.Mgr</Filter>
    </ClInclude>
    <ClInclude Include="..\Public\Renderer.h">
      <Filter>01.Utility\06.ComponentMgr\01.Renderer</Filter>
    </ClInclude>
    <ClInclude Include="..\Public\GameObject.h">
      <Filter>01.Utility\05.GameObjectMgr</Filter>
    </ClInclude>
    <ClInclude Include="..\Public\Object_Manager.h">
      <Filter>01.Utility\05.GameObjectMgr\0.Mgr</Filter>
    </ClInclude>
    <ClInclude Include="..\Public\Layer.h">
      <Filter>01.Utility\05.GameObjectMgr\0.Mgr\Layer</Filter>
    </ClInclude>
    <ClInclude Include="..\Public\VIBuffer.h">
      <Filter>01.Utility\06.ComponentMgr\02.VIBuffers</Filter>
    </ClInclude>
    <ClInclude Include="..\Public\VIBuffer_Rect.h">
      <Filter>01.Utility\06.ComponentMgr\02.VIBuffers\Rect</Filter>
    </ClInclude>
    <ClInclude Include="..\Public\d3dx11effect.h">
      <Filter>02.ThirdParty\FX11</Filter>
    </ClInclude>
    <ClInclude Include="..\Public\d3dxGlobal.h">
      <Filter>02.ThirdParty\FX11</Filter>
    </ClInclude>
    <ClInclude Include="..\Public\Shader.h">
      <Filter>01.Utility\06.ComponentMgr\03.Shader</Filter>
    </ClInclude>
    <ClInclude Include="..\Public\VIBuffer_Cube.h">
      <Filter>01.Utility\06.ComponentMgr\02.VIBuffers\Cube</Filter>
    </ClInclude>
    <ClInclude Include="..\Public\Transform.h">
      <Filter>01.Utility\06.ComponentMgr\05.Transform</Filter>
    </ClInclude>
    <ClInclude Include="..\Public\Texture.h">
      <Filter>01.Utility\06.ComponentMgr\04.Texture</Filter>
    </ClInclude>
    <ClInclude Include="..\Public\Direct_TK\DDSTextureLoader.h">
      <Filter>02.ThirdParty\DTK</Filter>
    </ClInclude>
    <ClInclude Include="..\Public\Direct_TK\WICTextureLoader.h">
      <Filter>02.ThirdParty\DTK</Filter>
    </ClInclude>
    <ClInclude Include="..\Public\PipeLine.h">
      <Filter>01.Utility\07.PipeLine</Filter>
    </ClInclude>
    <ClInclude Include="..\Public\Camera.h">
      <Filter>01.Utility\05.GameObjectMgr\1.Camera</Filter>
    </ClInclude>
    <ClInclude Include="..\Public\VIBuffer_Terrain.h">
      <Filter>01.Utility\06.ComponentMgr\02.VIBuffers\Terrain</Filter>
    </ClInclude>
    <ClInclude Include="..\Public\Light.h">
      <Filter>01.Utility\08.Light</Filter>
    </ClInclude>
    <ClInclude Include="..\Public\LightMgr.h">
      <Filter>01.Utility\08.Light\Mgr</Filter>
    </ClInclude>
    <ClInclude Include="..\Public\FileInfo.h">
      <Filter>01.Utility\09.FileInfo</Filter>
    </ClInclude>
    <ClInclude Include="..\Public\Texture_map.h">
      <Filter>01.Utility\06.ComponentMgr\04.Texture</Filter>
    </ClInclude>
    <ClInclude Include="..\Public\Channel.h">
      <Filter>01.Utility\06.ComponentMgr\02.VIBuffers\01.Model\02.Animation\Channel</Filter>
    </ClInclude>
    <ClInclude Include="..\Public\HierarchyNode.h">
      <Filter>01.Utility\06.ComponentMgr\02.VIBuffers\01.Model\03.HierarchyNode</Filter>
    </ClInclude>
    <ClInclude Include="..\Public\MeshContainer.h">
      <Filter>01.Utility\06.ComponentMgr\02.VIBuffers\01.Model\01.MeshContainer</Filter>
    </ClInclude>
    <ClInclude Include="..\Public\Animation.h">
      <Filter>01.Utility\06.ComponentMgr\02.VIBuffers\01.Model\02.Animation</Filter>
    </ClInclude>
    <ClInclude Include="..\Public\Model.h">
      <Filter>01.Utility\06.ComponentMgr\02.VIBuffers\01.Model</Filter>
    </ClInclude>
    <ClInclude Include="..\Public\Picking.h">
      <Filter>01.Utility\10.Picking</Filter>
    </ClInclude>
    <ClInclude Include="..\Public\Collider.h">
      <Filter>01.Utility\06.ComponentMgr\06.Collider</Filter>
    </ClInclude>
    <ClInclude Include="..\Public\DebugDraw.h">
      <Filter>01.Utility\06.ComponentMgr\06.Collider\DebugDraw</Filter>
    </ClInclude>
    <ClInclude Include="..\Public\Navigation.h">
      <Filter>01.Utility\06.ComponentMgr\07.Navigation</Filter>
    </ClInclude>
    <ClInclude Include="..\Public\Cell.h">
      <Filter>01.Utility\06.ComponentMgr\07.Navigation\Cell</Filter>
    </ClInclude>
    <ClInclude Include="..\Public\VIBuffer_Rect_Instance.h">
      <Filter>01.Utility\06.ComponentMgr\02.VIBuffers\Rect_Instance</Filter>
    </ClInclude>
    <ClInclude Include="..\Public\MyComponent\MyModel.h">
      <Filter>01.Utility\06.ComponentMgr\02.VIBuffers\02.MyModel</Filter>
    </ClInclude>
    <ClInclude Include="..\Public\MyComponent\MyHierarchyNode.h">
      <Filter>01.Utility\06.ComponentMgr\02.VIBuffers\02.MyModel\03.HierarchyNode</Filter>
    </ClInclude>
    <ClInclude Include="..\Public\MyComponent\MyAnimation.h">
      <Filter>01.Utility\06.ComponentMgr\02.VIBuffers\02.MyModel\02.Animation</Filter>
    </ClInclude>
    <ClInclude Include="..\Public\MyComponent\MyMeshContainer.h">
      <Filter>01.Utility\06.ComponentMgr\02.VIBuffers\02.MyModel\01.MeshContainer</Filter>
    </ClInclude>
  </ItemGroup>
  <ItemGroup>
    <None Include="cpp.hint" />
  </ItemGroup>
</Project>