<?xml version="1.0" encoding="utf-8"?>
<Project ToolsVersion="4.0" xmlns="http://schemas.microsoft.com/developer/msbuild/2003">
  <ItemGroup>
    <Filter Include="99.Defines">
      <UniqueIdentifier>{ccb7879a-6002-4c8d-bdd6-2261d484eace}</UniqueIdentifier>
    </Filter>
    <Filter Include="98.Default">
      <UniqueIdentifier>{3d81ee30-d1b8-44ef-ba7e-7203e62b5c3e}</UniqueIdentifier>
    </Filter>
    <Filter Include="00.MainApp">
      <UniqueIdentifier>{632dbc02-654c-40c3-a975-ede6ee063c01}</UniqueIdentifier>
    </Filter>
    <Filter Include="10.Imgui">
      <UniqueIdentifier>{7691948a-d310-4e84-a12e-701fc662bb19}</UniqueIdentifier>
    </Filter>
    <Filter Include="98.Default\00.main">
      <UniqueIdentifier>{6892b902-4b47-4f2b-a3af-603ba97685cf}</UniqueIdentifier>
    </Filter>
    <Filter Include="98.Default\01.Resource">
      <UniqueIdentifier>{7713ebef-d74f-457f-974d-5497e86ea016}</UniqueIdentifier>
    </Filter>
    <Filter Include="98.Default\02.stdafx">
      <UniqueIdentifier>{6d7d6086-b6bd-4263-b64d-077d94e7ef7f}</UniqueIdentifier>
    </Filter>
    <Filter Include="10.Imgui\01.Mgr">
      <UniqueIdentifier>{652cb1b7-82a6-427a-8bb1-695ce1d0b8b8}</UniqueIdentifier>
    </Filter>
    <Filter Include="10.Imgui\02.lib">
      <UniqueIdentifier>{5d3dcb41-c8b6-4ca9-8706-1437af281d0d}</UniqueIdentifier>
    </Filter>
    <Filter Include="01.Level">
      <UniqueIdentifier>{e0ac6f03-be32-44f3-80ec-1a4383b706f7}</UniqueIdentifier>
    </Filter>
    <Filter Include="02.GameObject">
      <UniqueIdentifier>{50b70050-4637-419c-8679-0b6c3f007a82}</UniqueIdentifier>
    </Filter>
    <Filter Include="01.Level\01.Logo">
      <UniqueIdentifier>{b4aa105d-68d7-4d04-81f7-1685264b2803}</UniqueIdentifier>
    </Filter>
    <Filter Include="01.Level\05.Tool">
      <UniqueIdentifier>{6e1457d3-629f-4757-8325-e75a80657b8a}</UniqueIdentifier>
    </Filter>
    <Filter Include="01.Level\01.GamePlay">
      <UniqueIdentifier>{259c8bc0-9f21-472e-b50c-69acbaf0fe78}</UniqueIdentifier>
    </Filter>
    <Filter Include="01.Level\00.Loader">
      <UniqueIdentifier>{4b0fbd7b-703e-42c1-99d2-287ab5d4b683}</UniqueIdentifier>
    </Filter>
    <Filter Include="01.Level\00.Loader\Loader">
      <UniqueIdentifier>{89db6d63-2b5b-40ca-9cb3-2a05895aaeac}</UniqueIdentifier>
    </Filter>
    <Filter Include="97.Shaders">
      <UniqueIdentifier>{8d4bad26-419a-4f30-9d72-694e1b7224ae}</UniqueIdentifier>
    </Filter>
    <Filter Include="02.GameObject\01.BackGround">
      <UniqueIdentifier>{f3e6f898-9cb3-4b56-a2f4-43df4f56ed11}</UniqueIdentifier>
    </Filter>
    <Filter Include="02.GameObject\02.Camera">
      <UniqueIdentifier>{bc388d12-b47d-405c-817c-c4e00817d90f}</UniqueIdentifier>
    </Filter>
    <Filter Include="02.GameObject\01.BackGround\0.BaseObject">
      <UniqueIdentifier>{14ac5b3b-8fde-4a60-b332-c31b71923ded}</UniqueIdentifier>
    </Filter>
    <Filter Include="02.GameObject\01.BackGround\1.UI">
      <UniqueIdentifier>{5d327b76-64a1-4aca-a783-fc6559dc4e33}</UniqueIdentifier>
    </Filter>
    <Filter Include="02.GameObject\01.BackGround\2.Sky">
      <UniqueIdentifier>{d5f97766-fe7b-4871-bd7c-3088f95304b0}</UniqueIdentifier>
    </Filter>
  </ItemGroup>
  <ItemGroup>
    <ClInclude Include="..\public\MainApp.h">
      <Filter>00.MainApp</Filter>
    </ClInclude>
    <ClInclude Include="..\Public\Client_Defines.h">
      <Filter>99.Defines</Filter>
    </ClInclude>
    <ClInclude Include="Client.h">
      <Filter>98.Default\00.main</Filter>
    </ClInclude>
    <ClInclude Include="Resource.h">
      <Filter>98.Default\01.Resource</Filter>
    </ClInclude>
    <ClInclude Include="targetver.h">
      <Filter>98.Default\01.Resource</Filter>
    </ClInclude>
    <ClInclude Include="..\Public\Imgui\imconfig.h">
      <Filter>10.Imgui\02.lib</Filter>
    </ClInclude>
    <ClInclude Include="..\Public\Imgui\imgui.h">
      <Filter>10.Imgui\02.lib</Filter>
    </ClInclude>
    <ClInclude Include="..\Public\Imgui\imgui_impl_dx11.h">
      <Filter>10.Imgui\02.lib</Filter>
    </ClInclude>
    <ClInclude Include="..\Public\Imgui\imgui_impl_win32.h">
      <Filter>10.Imgui\02.lib</Filter>
    </ClInclude>
    <ClInclude Include="..\Public\Imgui\imgui_internal.h">
      <Filter>10.Imgui\02.lib</Filter>
    </ClInclude>
    <ClInclude Include="..\Public\Imgui\imstb_rectpack.h">
      <Filter>10.Imgui\02.lib</Filter>
    </ClInclude>
    <ClInclude Include="..\Public\Imgui\imstb_textedit.h">
      <Filter>10.Imgui\02.lib</Filter>
    </ClInclude>
    <ClInclude Include="..\Public\Imgui\imstb_truetype.h">
      <Filter>10.Imgui\02.lib</Filter>
    </ClInclude>
    <ClInclude Include="..\Public\ImguiMgr.h">
      <Filter>10.Imgui\01.Mgr</Filter>
    </ClInclude>
    <ClInclude Include="..\Public\Client_Includes.h">
      <Filter>99.Defines</Filter>
    </ClInclude>
    <ClInclude Include="Client_Enum.h">
      <Filter>99.Defines</Filter>
    </ClInclude>
    <ClInclude Include="..\Public\Level_Loader.h">
      <Filter>01.Level\00.Loader</Filter>
    </ClInclude>
    <ClInclude Include="..\Public\Level_Logo.h">
      <Filter>01.Level\01.Logo</Filter>
    </ClInclude>
    <ClInclude Include="..\Public\Level_GamePlay.h">
      <Filter>01.Level\01.GamePlay</Filter>
    </ClInclude>
    <ClInclude Include="..\Public\Level_Tool.h">
      <Filter>01.Level\05.Tool</Filter>
    </ClInclude>
    <ClInclude Include="..\Public\stdafx.h">
      <Filter>98.Default\02.stdafx</Filter>
    </ClInclude>
    <ClInclude Include="..\Public\Loader.h">
      <Filter>01.Level\00.Loader\Loader</Filter>
    </ClInclude>
    <ClInclude Include="..\Public\GameObject_BackGround.h">
      <Filter>02.GameObject\01.BackGround</Filter>
    </ClInclude>
    <ClInclude Include="..\Public\Camera_Client.h">
      <Filter>02.GameObject\02.Camera</Filter>
    </ClInclude>
    <ClInclude Include="..\Public\GameObject_Skybox.h">
      <Filter>02.GameObject\01.BackGround\2.Sky</Filter>
    </ClInclude>
    <ClInclude Include="..\Bin\ShaderFiles\Shader_Defines.hpp">
      <Filter>97.Shaders</Filter>
    </ClInclude>
  </ItemGroup>
  <ItemGroup>
    <ClCompile Include="..\private\MainApp.cpp">
      <Filter>00.MainApp</Filter>
    </ClCompile>
    <ClCompile Include="Client.cpp">
      <Filter>98.Default\00.main</Filter>
    </ClCompile>
    <ClCompile Include="..\Public\Imgui\imgui.cpp">
      <Filter>10.Imgui\02.lib</Filter>
    </ClCompile>
    <ClCompile Include="..\Public\Imgui\imgui_demo.cpp">
      <Filter>10.Imgui\02.lib</Filter>
    </ClCompile>
    <ClCompile Include="..\Public\Imgui\imgui_draw.cpp">
      <Filter>10.Imgui\02.lib</Filter>
    </ClCompile>
    <ClCompile Include="..\Public\Imgui\imgui_impl_dx11.cpp">
      <Filter>10.Imgui\02.lib</Filter>
    </ClCompile>
    <ClCompile Include="..\Public\Imgui\imgui_impl_win32.cpp">
      <Filter>10.Imgui\02.lib</Filter>
    </ClCompile>
    <ClCompile Include="..\Public\Imgui\imgui_tables.cpp">
      <Filter>10.Imgui\02.lib</Filter>
    </ClCompile>
    <ClCompile Include="..\Public\Imgui\imgui_widgets.cpp">
      <Filter>10.Imgui\02.lib</Filter>
    </ClCompile>
    <ClCompile Include="..\Private\ImguiMgr.cpp">
      <Filter>10.Imgui\01.Mgr</Filter>
    </ClCompile>
    <ClCompile Include="..\Private\Level_Loader.cpp">
      <Filter>01.Level\00.Loader</Filter>
    </ClCompile>
    <ClCompile Include="..\private\Level_Logo.cpp">
      <Filter>01.Level\01.Logo</Filter>
    </ClCompile>
    <ClCompile Include="..\Private\Level_GamePlay.cpp">
      <Filter>01.Level\01.GamePlay</Filter>
    </ClCompile>
    <ClCompile Include="..\Private\Level_Tool.cpp">
      <Filter>01.Level\05.Tool</Filter>
    </ClCompile>
    <ClCompile Include="..\Private\stdafx.cpp">
      <Filter>98.Default\02.stdafx</Filter>
    </ClCompile>
    <ClCompile Include="..\Private\Loader.cpp">
      <Filter>01.Level\00.Loader\Loader</Filter>
    </ClCompile>
    <ClCompile Include="..\Private\GameObject_BackGround.cpp">
      <Filter>02.GameObject\01.BackGround</Filter>
    </ClCompile>
    <ClCompile Include="..\Private\Camera_Client.cpp">
      <Filter>02.GameObject\02.Camera</Filter>
    </ClCompile>
    <ClCompile Include="..\Private\GameObject_Skybox.cpp">
      <Filter>02.GameObject\01.BackGround\2.Sky</Filter>
    </ClCompile>
  </ItemGroup>
  <ItemGroup>
    <Image Include="Client.ico">
      <Filter>98.Default\01.Resource</Filter>
    </Image>
    <Image Include="small.ico">
      <Filter>98.Default\01.Resource</Filter>
    </Image>
  </ItemGroup>
  <ItemGroup>
    <ResourceCompile Include="Client.rc">
      <Filter>98.Default\01.Resource</Filter>
    </ResourceCompile>
  </ItemGroup>
  <ItemGroup>
    <FxCompile Include="..\Bin\ShaderFiles\Shader_VtxTex.hlsl">
      <Filter>97.Shaders</Filter>
    </FxCompile>
    <FxCompile Include="..\Bin\ShaderFiles\Shader_VtxTexCube.hlsl">
      <Filter>97.Shaders</Filter>
    </FxCompile>
  </ItemGroup>
</Project>